
Microsoft Visual Studio Solution File, Format Version 12.00
# Visual Studio Version 17
VisualStudioVersion = 17.12.35527.113
MinimumVisualStudioVersion = 10.0.40219.1
Project("{2150E333-8FDC-42A3-9474-1A3956D46DE8}") = "src", "src", "{8B023360-4D70-409B-A80D-675CA3B571B9}"
EndProject
Project("{2150E333-8FDC-42A3-9474-1A3956D46DE8}") = "tests", "tests", "{F7265880-8EAD-49E9-817B-3D21F98B506A}"
EndProject
Project("{2150E333-8FDC-42A3-9474-1A3956D46DE8}") = "Client", "Client", "{452224D4-F79B-4F27-8272-26899ED0F685}"
EndProject
Project("{2150E333-8FDC-42A3-9474-1A3956D46DE8}") = "Apis", "Apis", "{1C510502-D707-4A16-BAC6-727053B9F1D4}"
EndProject
Project("{2150E333-8FDC-42A3-9474-1A3956D46DE8}") = "UserManagement", "UserManagement", "{B408DD36-10D8-4C10-B2FE-D6419890A993}"
EndProject
Project("{2150E333-8FDC-42A3-9474-1A3956D46DE8}") = "TaskManagement", "TaskManagement", "{E8C41C50-6E50-4129-99D7-71B19B0AD431}"
EndProject
Project("{2150E333-8FDC-42A3-9474-1A3956D46DE8}") = "ProjectManagement", "ProjectManagement", "{A7D7F7D3-6552-4D23-9ACB-39BF5BC2588B}"
EndProject
Project("{2150E333-8FDC-42A3-9474-1A3956D46DE8}") = "NotificationService", "NotificationService", "{AF907314-2A0A-4A3D-8929-9E02EA771D63}"
EndProject
Project("{2150E333-8FDC-42A3-9474-1A3956D46DE8}") = "Shared", "Shared", "{B2BB996F-2968-41F3-8919-A15F028A0488}"
EndProject
Project("{FAE04EC0-301F-11D3-BF4B-00C04F79EFBC}") = "TaskManagement", "src\TaskManagement\TaskManagement\TaskManagement.csproj", "{15EFA3C5-5528-467D-BD50-BCB887A352A7}"
EndProject
Project("{FAE04EC0-301F-11D3-BF4B-00C04F79EFBC}") = "TaskManagement.Client", "src\TaskManagement\TaskManagement.Client\TaskManagement.Client.csproj", "{96253ADB-08C9-4252-A589-38A5FE76B1E6}"
EndProject
Project("{FAE04EC0-301F-11D3-BF4B-00C04F79EFBC}") = "UserManagement.Domain", "src\UserManagement.Domain\UserManagement.Domain.csproj", "{FE997976-E1A6-4101-BBC6-D7B4334FF1A6}"
EndProject
Project("{FAE04EC0-301F-11D3-BF4B-00C04F79EFBC}") = "UserManagement.Application", "src\UserManagement.Application\UserManagement.Application.csproj", "{CD17F943-4706-41FF-96E0-4ADC80B9104C}"
EndProject
Project("{FAE04EC0-301F-11D3-BF4B-00C04F79EFBC}") = "UserManagement.Infrastructure", "src\UserManagement.Infrastructure\UserManagement.Infrastructure.csproj", "{58CF9F9E-9222-4F0B-9D00-91B4EA31CDA9}"
EndProject
Project("{2150E333-8FDC-42A3-9474-1A3956D46DE8}") = "AnalyticsService", "AnalyticsService", "{31D66C45-819F-4478-9CA2-57B435E16037}"
EndProject
Project("{2150E333-8FDC-42A3-9474-1A3956D46DE8}") = "BackgroundProcessors", "BackgroundProcessors", "{8C00D81B-E785-417B-B312-3C6AF2AF25E6}"
EndProject
Project("{FAE04EC0-301F-11D3-BF4B-00C04F79EFBC}") = "SharedKernel", "src\SharedKernel\SharedKernel.csproj", "{B95D5157-4086-4865-BBAA-5C6D5D0E08A2}"
EndProject
Project("{FAE04EC0-301F-11D3-BF4B-00C04F79EFBC}") = "EventBus", "src\EventBus\EventBus.csproj", "{EE1FA6B6-0986-44D7-8357-9D64B5F60BE5}"
EndProject
Project("{FAE04EC0-301F-11D3-BF4B-00C04F79EFBC}") = "Protos", "src\Protos\Protos.csproj", "{E2FC689B-B955-4378-BCFE-69FF07E7D1C3}"
EndProject
Project("{FAE04EC0-301F-11D3-BF4B-00C04F79EFBC}") = "UserManagement.Api", "src\UserManagement.Api\UserManagement.Api.csproj", "{8D499114-484F-4882-BA80-809C1CB08CE3}"
EndProject
Project("{FAE04EC0-301F-11D3-BF4B-00C04F79EFBC}") = "TaskManagement.Domain", "src\TaskManagement.Domain\TaskManagement.Domain.csproj", "{BFAF423D-5EAA-4247-B90D-F3FEE0257080}"
EndProject
Project("{FAE04EC0-301F-11D3-BF4B-00C04F79EFBC}") = "TaskManagement.Application", "src\TaskManagement.Application\TaskManagement.Application.csproj", "{A74A202B-9E02-423E-A78C-5C9DA5A04AD8}"
EndProject
Project("{FAE04EC0-301F-11D3-BF4B-00C04F79EFBC}") = "TaskManagement.Infrastructure", "src\TaskManagement.Infrastructure\TaskManagement.Infrastructure.csproj", "{727DBBB2-246E-45E9-98C1-A6F2C534E094}"
EndProject
Project("{FAE04EC0-301F-11D3-BF4B-00C04F79EFBC}") = "TaskManagement.Api", "src\TaskManagement.Api\TaskManagement.Api.csproj", "{F09669D1-E31D-4655-9A7F-0E8287E56114}"
EndProject
Project("{FAE04EC0-301F-11D3-BF4B-00C04F79EFBC}") = "ProjectManagement.Domain", "src\ProjectManagement.Domain\ProjectManagement.Domain.csproj", "{63E504CD-3653-4758-BAA0-467780DD5D1A}"
EndProject
Project("{FAE04EC0-301F-11D3-BF4B-00C04F79EFBC}") = "ProjectManagement.Application", "src\ProjectManagement.Application\ProjectManagement.Application.csproj", "{F0027B05-6EA7-4989-982A-41D9121476FF}"
EndProject
Project("{FAE04EC0-301F-11D3-BF4B-00C04F79EFBC}") = "ProjectManagement.Infrastructure", "src\ProjectManagement.Infrastructure\ProjectManagement.Infrastructure.csproj", "{7928FA84-2028-4435-A57D-7256467A0E19}"
EndProject
Project("{FAE04EC0-301F-11D3-BF4B-00C04F79EFBC}") = "ProjectManagement.Api", "src\ProjectManagement.Api\ProjectManagement.Api.csproj", "{259DA5D4-5CB9-4301-AAB4-BDC4DFE15371}"
EndProject
Project("{E53339B2-1760-4266-BCC7-CA923CBCF16C}") = "docker-compose", "docker-compose.dcproj", "{40499196-B1D2-454C-9455-A34948429142}"
EndProject
Project("{FAE04EC0-301F-11D3-BF4B-00C04F79EFBC}") = "TaskManagement.ReverseProxy", "src\TaskManagement.ReverseProxy\TaskManagement.ReverseProxy.csproj", "{C246674F-6725-404E-8257-2356F815F1AD}"
EndProject
Global
	GlobalSection(SolutionConfigurationPlatforms) = preSolution
		Debug|Any CPU = Debug|Any CPU
		Release|Any CPU = Release|Any CPU
	EndGlobalSection
	GlobalSection(ProjectConfigurationPlatforms) = postSolution
		{15EFA3C5-5528-467D-BD50-BCB887A352A7}.Debug|Any CPU.ActiveCfg = Debug|Any CPU
		{15EFA3C5-5528-467D-BD50-BCB887A352A7}.Debug|Any CPU.Build.0 = Debug|Any CPU
		{15EFA3C5-5528-467D-BD50-BCB887A352A7}.Release|Any CPU.ActiveCfg = Release|Any CPU
		{15EFA3C5-5528-467D-BD50-BCB887A352A7}.Release|Any CPU.Build.0 = Release|Any CPU
		{96253ADB-08C9-4252-A589-38A5FE76B1E6}.Debug|Any CPU.ActiveCfg = Debug|Any CPU
		{96253ADB-08C9-4252-A589-38A5FE76B1E6}.Debug|Any CPU.Build.0 = Debug|Any CPU
		{96253ADB-08C9-4252-A589-38A5FE76B1E6}.Release|Any CPU.ActiveCfg = Release|Any CPU
		{96253ADB-08C9-4252-A589-38A5FE76B1E6}.Release|Any CPU.Build.0 = Release|Any CPU
		{FE997976-E1A6-4101-BBC6-D7B4334FF1A6}.Debug|Any CPU.ActiveCfg = Debug|Any CPU
		{FE997976-E1A6-4101-BBC6-D7B4334FF1A6}.Debug|Any CPU.Build.0 = Debug|Any CPU
		{FE997976-E1A6-4101-BBC6-D7B4334FF1A6}.Release|Any CPU.ActiveCfg = Release|Any CPU
		{FE997976-E1A6-4101-BBC6-D7B4334FF1A6}.Release|Any CPU.Build.0 = Release|Any CPU
		{CD17F943-4706-41FF-96E0-4ADC80B9104C}.Debug|Any CPU.ActiveCfg = Debug|Any CPU
		{CD17F943-4706-41FF-96E0-4ADC80B9104C}.Debug|Any CPU.Build.0 = Debug|Any CPU
		{CD17F943-4706-41FF-96E0-4ADC80B9104C}.Release|Any CPU.ActiveCfg = Release|Any CPU
		{CD17F943-4706-41FF-96E0-4ADC80B9104C}.Release|Any CPU.Build.0 = Release|Any CPU
		{58CF9F9E-9222-4F0B-9D00-91B4EA31CDA9}.Debug|Any CPU.ActiveCfg = Debug|Any CPU
		{58CF9F9E-9222-4F0B-9D00-91B4EA31CDA9}.Debug|Any CPU.Build.0 = Debug|Any CPU
		{58CF9F9E-9222-4F0B-9D00-91B4EA31CDA9}.Release|Any CPU.ActiveCfg = Release|Any CPU
		{58CF9F9E-9222-4F0B-9D00-91B4EA31CDA9}.Release|Any CPU.Build.0 = Release|Any CPU
		{B95D5157-4086-4865-BBAA-5C6D5D0E08A2}.Debug|Any CPU.ActiveCfg = Debug|Any CPU
		{B95D5157-4086-4865-BBAA-5C6D5D0E08A2}.Debug|Any CPU.Build.0 = Debug|Any CPU
		{B95D5157-4086-4865-BBAA-5C6D5D0E08A2}.Release|Any CPU.ActiveCfg = Release|Any CPU
		{B95D5157-4086-4865-BBAA-5C6D5D0E08A2}.Release|Any CPU.Build.0 = Release|Any CPU
		{EE1FA6B6-0986-44D7-8357-9D64B5F60BE5}.Debug|Any CPU.ActiveCfg = Debug|Any CPU
		{EE1FA6B6-0986-44D7-8357-9D64B5F60BE5}.Debug|Any CPU.Build.0 = Debug|Any CPU
		{EE1FA6B6-0986-44D7-8357-9D64B5F60BE5}.Release|Any CPU.ActiveCfg = Release|Any CPU
		{EE1FA6B6-0986-44D7-8357-9D64B5F60BE5}.Release|Any CPU.Build.0 = Release|Any CPU
		{E2FC689B-B955-4378-BCFE-69FF07E7D1C3}.Debug|Any CPU.ActiveCfg = Debug|Any CPU
		{E2FC689B-B955-4378-BCFE-69FF07E7D1C3}.Debug|Any CPU.Build.0 = Debug|Any CPU
		{E2FC689B-B955-4378-BCFE-69FF07E7D1C3}.Release|Any CPU.ActiveCfg = Release|Any CPU
		{E2FC689B-B955-4378-BCFE-69FF07E7D1C3}.Release|Any CPU.Build.0 = Release|Any CPU
		{8D499114-484F-4882-BA80-809C1CB08CE3}.Debug|Any CPU.ActiveCfg = Debug|Any CPU
		{8D499114-484F-4882-BA80-809C1CB08CE3}.Debug|Any CPU.Build.0 = Debug|Any CPU
		{8D499114-484F-4882-BA80-809C1CB08CE3}.Release|Any CPU.ActiveCfg = Release|Any CPU
		{8D499114-484F-4882-BA80-809C1CB08CE3}.Release|Any CPU.Build.0 = Release|Any CPU
		{BFAF423D-5EAA-4247-B90D-F3FEE0257080}.Debug|Any CPU.ActiveCfg = Debug|Any CPU
		{BFAF423D-5EAA-4247-B90D-F3FEE0257080}.Debug|Any CPU.Build.0 = Debug|Any CPU
		{BFAF423D-5EAA-4247-B90D-F3FEE0257080}.Release|Any CPU.ActiveCfg = Release|Any CPU
		{BFAF423D-5EAA-4247-B90D-F3FEE0257080}.Release|Any CPU.Build.0 = Release|Any CPU
		{A74A202B-9E02-423E-A78C-5C9DA5A04AD8}.Debug|Any CPU.ActiveCfg = Debug|Any CPU
		{A74A202B-9E02-423E-A78C-5C9DA5A04AD8}.Debug|Any CPU.Build.0 = Debug|Any CPU
		{A74A202B-9E02-423E-A78C-5C9DA5A04AD8}.Release|Any CPU.ActiveCfg = Release|Any CPU
		{A74A202B-9E02-423E-A78C-5C9DA5A04AD8}.Release|Any CPU.Build.0 = Release|Any CPU
		{727DBBB2-246E-45E9-98C1-A6F2C534E094}.Debug|Any CPU.ActiveCfg = Debug|Any CPU
		{727DBBB2-246E-45E9-98C1-A6F2C534E094}.Debug|Any CPU.Build.0 = Debug|Any CPU
		{727DBBB2-246E-45E9-98C1-A6F2C534E094}.Release|Any CPU.ActiveCfg = Release|Any CPU
		{727DBBB2-246E-45E9-98C1-A6F2C534E094}.Release|Any CPU.Build.0 = Release|Any CPU
		{F09669D1-E31D-4655-9A7F-0E8287E56114}.Debug|Any CPU.ActiveCfg = Debug|Any CPU
		{F09669D1-E31D-4655-9A7F-0E8287E56114}.Debug|Any CPU.Build.0 = Debug|Any CPU
		{F09669D1-E31D-4655-9A7F-0E8287E56114}.Release|Any CPU.ActiveCfg = Release|Any CPU
		{F09669D1-E31D-4655-9A7F-0E8287E56114}.Release|Any CPU.Build.0 = Release|Any CPU
		{63E504CD-3653-4758-BAA0-467780DD5D1A}.Debug|Any CPU.ActiveCfg = Debug|Any CPU
		{63E504CD-3653-4758-BAA0-467780DD5D1A}.Debug|Any CPU.Build.0 = Debug|Any CPU
		{63E504CD-3653-4758-BAA0-467780DD5D1A}.Release|Any CPU.ActiveCfg = Release|Any CPU
		{63E504CD-3653-4758-BAA0-467780DD5D1A}.Release|Any CPU.Build.0 = Release|Any CPU
		{F0027B05-6EA7-4989-982A-41D9121476FF}.Debug|Any CPU.ActiveCfg = Debug|Any CPU
		{F0027B05-6EA7-4989-982A-41D9121476FF}.Debug|Any CPU.Build.0 = Debug|Any CPU
		{F0027B05-6EA7-4989-982A-41D9121476FF}.Release|Any CPU.ActiveCfg = Release|Any CPU
		{F0027B05-6EA7-4989-982A-41D9121476FF}.Release|Any CPU.Build.0 = Release|Any CPU
		{7928FA84-2028-4435-A57D-7256467A0E19}.Debug|Any CPU.ActiveCfg = Debug|Any CPU
		{7928FA84-2028-4435-A57D-7256467A0E19}.Debug|Any CPU.Build.0 = Debug|Any CPU
		{7928FA84-2028-4435-A57D-7256467A0E19}.Release|Any CPU.ActiveCfg = Release|Any CPU
		{7928FA84-2028-4435-A57D-7256467A0E19}.Release|Any CPU.Build.0 = Release|Any CPU
		{259DA5D4-5CB9-4301-AAB4-BDC4DFE15371}.Debug|Any CPU.ActiveCfg = Debug|Any CPU
		{259DA5D4-5CB9-4301-AAB4-BDC4DFE15371}.Debug|Any CPU.Build.0 = Debug|Any CPU
		{259DA5D4-5CB9-4301-AAB4-BDC4DFE15371}.Release|Any CPU.ActiveCfg = Release|Any CPU
		{259DA5D4-5CB9-4301-AAB4-BDC4DFE15371}.Release|Any CPU.Build.0 = Release|Any CPU
		{40499196-B1D2-454C-9455-A34948429142}.Debug|Any CPU.ActiveCfg = Debug|Any CPU
		{40499196-B1D2-454C-9455-A34948429142}.Debug|Any CPU.Build.0 = Debug|Any CPU
		{40499196-B1D2-454C-9455-A34948429142}.Release|Any CPU.ActiveCfg = Release|Any CPU
		{40499196-B1D2-454C-9455-A34948429142}.Release|Any CPU.Build.0 = Release|Any CPU
		{C246674F-6725-404E-8257-2356F815F1AD}.Debug|Any CPU.ActiveCfg = Debug|Any CPU
		{C246674F-6725-404E-8257-2356F815F1AD}.Debug|Any CPU.Build.0 = Debug|Any CPU
		{C246674F-6725-404E-8257-2356F815F1AD}.Release|Any CPU.ActiveCfg = Release|Any CPU
		{C246674F-6725-404E-8257-2356F815F1AD}.Release|Any CPU.Build.0 = Release|Any CPU
	EndGlobalSection
	GlobalSection(SolutionProperties) = preSolution
		HideSolutionNode = FALSE
	EndGlobalSection
	GlobalSection(NestedProjects) = preSolution
		{452224D4-F79B-4F27-8272-26899ED0F685} = {8B023360-4D70-409B-A80D-675CA3B571B9}
		{1C510502-D707-4A16-BAC6-727053B9F1D4} = {8B023360-4D70-409B-A80D-675CA3B571B9}
		{B408DD36-10D8-4C10-B2FE-D6419890A993} = {1C510502-D707-4A16-BAC6-727053B9F1D4}
		{E8C41C50-6E50-4129-99D7-71B19B0AD431} = {1C510502-D707-4A16-BAC6-727053B9F1D4}
		{A7D7F7D3-6552-4D23-9ACB-39BF5BC2588B} = {1C510502-D707-4A16-BAC6-727053B9F1D4}
		{AF907314-2A0A-4A3D-8929-9E02EA771D63} = {1C510502-D707-4A16-BAC6-727053B9F1D4}
		{B2BB996F-2968-41F3-8919-A15F028A0488} = {8B023360-4D70-409B-A80D-675CA3B571B9}
		{15EFA3C5-5528-467D-BD50-BCB887A352A7} = {452224D4-F79B-4F27-8272-26899ED0F685}
		{96253ADB-08C9-4252-A589-38A5FE76B1E6} = {452224D4-F79B-4F27-8272-26899ED0F685}
		{FE997976-E1A6-4101-BBC6-D7B4334FF1A6} = {B408DD36-10D8-4C10-B2FE-D6419890A993}
		{CD17F943-4706-41FF-96E0-4ADC80B9104C} = {B408DD36-10D8-4C10-B2FE-D6419890A993}
		{58CF9F9E-9222-4F0B-9D00-91B4EA31CDA9} = {B408DD36-10D8-4C10-B2FE-D6419890A993}
		{31D66C45-819F-4478-9CA2-57B435E16037} = {1C510502-D707-4A16-BAC6-727053B9F1D4}
		{8C00D81B-E785-417B-B312-3C6AF2AF25E6} = {1C510502-D707-4A16-BAC6-727053B9F1D4}
		{B95D5157-4086-4865-BBAA-5C6D5D0E08A2} = {B2BB996F-2968-41F3-8919-A15F028A0488}
		{EE1FA6B6-0986-44D7-8357-9D64B5F60BE5} = {B2BB996F-2968-41F3-8919-A15F028A0488}
		{E2FC689B-B955-4378-BCFE-69FF07E7D1C3} = {B2BB996F-2968-41F3-8919-A15F028A0488}
		{8D499114-484F-4882-BA80-809C1CB08CE3} = {B408DD36-10D8-4C10-B2FE-D6419890A993}
		{BFAF423D-5EAA-4247-B90D-F3FEE0257080} = {E8C41C50-6E50-4129-99D7-71B19B0AD431}
		{A74A202B-9E02-423E-A78C-5C9DA5A04AD8} = {E8C41C50-6E50-4129-99D7-71B19B0AD431}
		{727DBBB2-246E-45E9-98C1-A6F2C534E094} = {E8C41C50-6E50-4129-99D7-71B19B0AD431}
		{F09669D1-E31D-4655-9A7F-0E8287E56114} = {E8C41C50-6E50-4129-99D7-71B19B0AD431}
		{63E504CD-3653-4758-BAA0-467780DD5D1A} = {A7D7F7D3-6552-4D23-9ACB-39BF5BC2588B}
		{F0027B05-6EA7-4989-982A-41D9121476FF} = {A7D7F7D3-6552-4D23-9ACB-39BF5BC2588B}
		{7928FA84-2028-4435-A57D-7256467A0E19} = {A7D7F7D3-6552-4D23-9ACB-39BF5BC2588B}
		{259DA5D4-5CB9-4301-AAB4-BDC4DFE15371} = {A7D7F7D3-6552-4D23-9ACB-39BF5BC2588B}
		{C246674F-6725-404E-8257-2356F815F1AD} = {1C510502-D707-4A16-BAC6-727053B9F1D4}
	EndGlobalSection
EndGlobal
